
Microsoft Visual Studio Solution File, Format Version 12.00
# Visual Studio Version 16
VisualStudioVersion = 16.0.29709.97
MinimumVisualStudioVersion = 10.0.40219.1
Project("{FAE04EC0-301F-11D3-BF4B-00C04F79EFBC}") = "ProjectNumber2", "ProjectNumber2\ProjectNumber2.csproj", "{F2F88923-30E9-48F1-ACAA-9E02D208E2CE}"
EndProject
Project("{54435603-DBB4-11D2-8724-00A0C9A8B90C}") = "Setup1", "Setup1\Setup1.vdproj", "{3315D6B5-36AB-4D55-BADE-C5DAE305BEB8}"
EndProject
Global
	GlobalSection(SolutionConfigurationPlatforms) = preSolution
		Debug|Any CPU = Debug|Any CPU
		Release|Any CPU = Release|Any CPU
	EndGlobalSection
	GlobalSection(ProjectConfigurationPlatforms) = postSolution
		{F2F88923-30E9-48F1-ACAA-9E02D208E2CE}.Debug|Any CPU.ActiveCfg = Debug|Any CPU
		{F2F88923-30E9-48F1-ACAA-9E02D208E2CE}.Debug|Any CPU.Build.0 = Debug|Any CPU
		{F2F88923-30E9-48F1-ACAA-9E02D208E2CE}.Release|Any CPU.ActiveCfg = Release|Any CPU
		{F2F88923-30E9-48F1-ACAA-9E02D208E2CE}.Release|Any CPU.Build.0 = Release|Any CPU
		{3315D6B5-36AB-4D55-BADE-C5DAE305BEB8}.Debug|Any CPU.ActiveCfg = Debug
		{3315D6B5-36AB-4D55-BADE-C5DAE305BEB8}.Release|Any CPU.ActiveCfg = Release
	EndGlobalSection
	GlobalSection(SolutionProperties) = preSolution
		HideSolutionNode = FALSE
	EndGlobalSection
	GlobalSection(ExtensibilityGlobals) = postSolution
		SolutionGuid = {89A38B4D-E802-486D-B73C-4509AD65689D}
	EndGlobalSection
	GlobalSection(SolutionConfigurationPlatforms) = preSolution
		Debug|Any CPU = Debug|Any CPU
		Release|Any CPU = Release|Any CPU
	EndGlobalSection
EndGlobal
